
Microsoft Visual Studio Solution File, Format Version 12.00
# Visual Studio Version 16
VisualStudioVersion = 16.0.31019.35
MinimumVisualStudioVersion = 10.0.40219.1
Project("{FAE04EC0-301F-11D3-BF4B-00C04F79EFBC}") = "Project Typing", "Project Typing\Project Typing.csproj", "{A89892B4-156D-4BC1-A990-29784F76C66D}"
EndProject
Global
	GlobalSection(SolutionConfigurationPlatforms) = preSolution
		Debug|Any CPU = Debug|Any CPU
		Release|Any CPU = Release|Any CPU
	EndGlobalSection
	GlobalSection(ProjectConfigurationPlatforms) = postSolution
		{A89892B4-156D-4BC1-A990-29784F76C66D}.Debug|Any CPU.ActiveCfg = Debug|Any CPU
		{A89892B4-156D-4BC1-A990-29784F76C66D}.Debug|Any CPU.Build.0 = Debug|Any CPU
		{A89892B4-156D-4BC1-A990-29784F76C66D}.Release|Any CPU.ActiveCfg = Release|Any CPU
		{A89892B4-156D-4BC1-A990-29784F76C66D}.Release|Any CPU.Build.0 = Release|Any CPU
	EndGlobalSection
	GlobalSection(SolutionProperties) = preSolution
		HideSolutionNode = FALSE
	EndGlobalSection
	GlobalSection(ExtensibilityGlobals) = postSolution
		SolutionGuid = {09813C30-A10D-46E3-983C-381AF4B4AE49}
	EndGlobalSection
EndGlobal
